<?xml version="1.0" encoding="utf-8"?>
<Project ToolsVersion="4.0" xmlns="http://schemas.microsoft.com/developer/msbuild/2003">
  <ItemGroup>
    <Filter Include="Source Files">
      <UniqueIdentifier>{4FC737F1-C7A5-4376-A066-2A32D752A2FF}</UniqueIdentifier>
      <Extensions>cpp;c;cc;cxx;c++;cppm;ixx;def;odl;idl;hpj;bat;asm;asmx</Extensions>
    </Filter>
    <Filter Include="Header Files">
      <UniqueIdentifier>{93995380-89BD-4b04-88EB-625FBE52EBFB}</UniqueIdentifier>
      <Extensions>h;hh;hpp;hxx;h++;hm;inl;inc;ipp;xsd</Extensions>
    </Filter>
    <Filter Include="Resource Files">
      <UniqueIdentifier>{67DA6AB6-F800-4c08-8B7A-83BB121AAD01}</UniqueIdentifier>
      <Extensions>rc;ico;cur;bmp;dlg;rc2;rct;bin;rgs;gif;jpg;jpeg;jpe;resx;tiff;tif;png;wav;mfcribbon-ms</Extensions>
    </Filter>
  </ItemGroup>
  <ItemGroup>
    <ClInclude Include="framework.h">
      <Filter>Header Files</Filter>
    </ClInclude>
    <ClInclude Include="resolver\API\Callback.hpp">
      <Filter>Header Files</Filter>
    </ClInclude>
    <ClInclude Include="resolver\API\Class.hpp">
      <Filter>Header Files</Filter>
    </ClInclude>
    <ClInclude Include="resolver\API\Domain.hpp">
      <Filter>Header Files</Filter>
    </ClInclude>
    <ClInclude Include="resolver\API\ResolveCall.hpp">
      <Filter>Header Files</Filter>
    </ClInclude>
    <ClInclude Include="resolver\API\String.hpp">
      <Filter>Header Files</Filter>
    </ClInclude>
    <ClInclude Include="resolver\API\Thread.hpp">
      <Filter>Header Files</Filter>
    </ClInclude>
    <ClInclude Include="resolver\Unity\API\Camera.hpp">
      <Filter>Header Files</Filter>
    </ClInclude>
    <ClInclude Include="resolver\Unity\API\Component.hpp">
      <Filter>Header Files</Filter>
    </ClInclude>
    <ClInclude Include="resolver\Unity\API\GameObject.hpp">
      <Filter>Header Files</Filter>
    </ClInclude>
    <ClInclude Include="resolver\Unity\API\LayerMask.hpp">
      <Filter>Header Files</Filter>
    </ClInclude>
    <ClInclude Include="resolver\Unity\API\Object.hpp">
      <Filter>Header Files</Filter>
    </ClInclude>
    <ClInclude Include="resolver\Unity\API\Rigidbody.hpp">
      <Filter>Header Files</Filter>
    </ClInclude>
    <ClInclude Include="resolver\Unity\API\Transform.hpp">
      <Filter>Header Files</Filter>
    </ClInclude>
    <ClInclude Include="resolver\Unity\Structures\Engine.hpp">
      <Filter>Header Files</Filter>
    </ClInclude>
    <ClInclude Include="resolver\Unity\Structures\il2cpp.hpp">
      <Filter>Header Files</Filter>
    </ClInclude>
    <ClInclude Include="resolver\Unity\Structures\il2cppArray.hpp">
      <Filter>Header Files</Filter>
    </ClInclude>
    <ClInclude Include="resolver\Unity\Structures\il2cppDictionary.hpp">
      <Filter>Header Files</Filter>
    </ClInclude>
    <ClInclude Include="resolver\Unity\Structures\System_String.hpp">
      <Filter>Header Files</Filter>
    </ClInclude>
    <ClInclude Include="resolver\Unity\Defines.hpp">
      <Filter>Header Files</Filter>
    </ClInclude>
    <ClInclude Include="resolver\Unity\Obfuscators.hpp">
      <Filter>Header Files</Filter>
    </ClInclude>
    <ClInclude Include="resolver\Utils\Hash.hpp">
      <Filter>Header Files</Filter>
    </ClInclude>
    <ClInclude Include="resolver\Utils\Helper.hpp">
      <Filter>Header Files</Filter>
    </ClInclude>
    <ClInclude Include="resolver\Utils\VTable.hpp">
      <Filter>Header Files</Filter>
    </ClInclude>
    <ClInclude Include="resolver\Data.hpp">
      <Filter>Header Files</Filter>
    </ClInclude>
    <ClInclude Include="resolver\Defines.hpp">
      <Filter>Header Files</Filter>
    </ClInclude>
    <ClInclude Include="resolver\IL2CPP_Resolver.hpp">
      <Filter>Header Files</Filter>
    </ClInclude>
    <ClInclude Include="resolver\SystemTypeCache.hpp">
      <Filter>Header Files</Filter>
    </ClInclude>
    <ClInclude Include="cheat\globals.hpp">
      <Filter>Header Files</Filter>
    </ClInclude>
    <ClInclude Include="cheat\visuals.hpp">
      <Filter>Header Files</Filter>
    </ClInclude>
    <ClInclude Include="cheat\helper.hpp">
      <Filter>Header Files</Filter>
    </ClInclude>
    <ClInclude Include="cheat\gui.hpp">
      <Filter>Header Files</Filter>
    </ClInclude>
    <ClInclude Include="xorstr\xorstr.hpp">
      <Filter>Header Files</Filter>
    </ClInclude>
    <ClInclude Include="cheat\aimbot.hpp">
      <Filter>Header Files</Filter>
    </ClInclude>
    <ClInclude Include="minhook\MinHook.h">
      <Filter>Header Files</Filter>
    </ClInclude>
    <ClInclude Include="cheat\misc.hpp">
      <Filter>Header Files</Filter>
    </ClInclude>
  </ItemGroup>
  <ItemGroup>
    <ClCompile Include="dllmain.cpp">
      <Filter>Source Files</Filter>
    </ClCompile>
  </ItemGroup>
</Project>